lockfileVersion: '6.0'

settings:
  autoInstallPeers: true
  excludeLinksFromLockfile: false

devDependencies:
  '@types/numeral':
    specifier: ^2.0.5
    version: 2.0.5

packages:

  /@types/numeral@2.0.5:
    resolution: {integrity: sha512-kH8I7OSSwQu9DS9JYdFWbuvhVzvFRoCPCkGxNwoGgaPeDfEPJlcxNvEOypZhQ3XXHsGbfIuYcxcJxKUfJHnRfw==}
    dev: true
